github.com/johndelavega/gomod v0.0.3/go.mod h1:EAaN5WyPeAtXOHXGMKzEqVGK7e9+47nwbxgPvV0gBT4=
github.com/johndelavega/gomod/mod2 v0.0.0-20190223163819-50d016fcdd35 h1:yq6iMD4SsLFH6vjl+XF2j66UHYsxlQPkEtadWbj/E8I=
github.com/johndelavega/gomod/mod2 v0.0.0-20190223163819-50d016fcdd35/go.mod h1:RMVSMpMyzZA1zfhnctcz1TGFmLPZCI67ff/RKcM3Kl8=
