github.com/johndelavega/gomod v0.0.3/go.mod h1:EAaN5WyPeAtXOHXGMKzEqVGK7e9+47nwbxgPvV0gBT4=
github.com/johndelavega/gomod/mod2 v0.0.0-20190224011415-35b11fac07a6 h1:3nC6Bq1zfEbJ3fFXkZDaYi5gwhwwGg2tnYvmuEzzhhk=
github.com/johndelavega/gomod/mod2 v0.0.0-20190224011415-35b11fac07a6/go.mod h1:RMVSMpMyzZA1zfhnctcz1TGFmLPZCI67ff/RKcM3Kl8=
